// !$*UTF8*$!
{
	archiveVersion = 1;
	classes = {
	};
	objectVersion = 50;
	objects = {

/* Begin PBXBuildFile section */
		A702A32E22C7ABE3004C89D6 /* AppDelegate.swift in Sources */ = {isa = PBXBuildFile; fileRef = A702A32D22C7ABE3004C89D6 /* AppDelegate.swift */; };
		A702A33022C7ABE3004C89D6 /* SceneDelegate.swift in Sources */ = {isa = PBXBuildFile; fileRef = A702A32F22C7ABE3004C89D6 /* SceneDelegate.swift */; };
		A702A33222C7ABE3004C89D6 /* ViewController.swift in Sources */ = {isa = PBXBuildFile; fileRef = A702A33122C7ABE3004C89D6 /* ViewController.swift */; };
		A702A33522C7ABE3004C89D6 /* Main.storyboard in Resources */ = {isa = PBXBuildFile; fileRef = A702A33322C7ABE3004C89D6 /* Main.storyboard */; };
		A702A33722C7ABE9004C89D6 /* Assets.xcassets in Resources */ = {isa = PBXBuildFile; fileRef = A702A33622C7ABE9004C89D6 /* Assets.xcassets */; };
		A702A33A22C7ABE9004C89D6 /* LaunchScreen.storyboard in Resources */ = {isa = PBXBuildFile; fileRef = A702A33822C7ABE9004C89D6 /* LaunchScreen.storyboard */; };
		A702A34522C7ABEA004C89D6 /* CombineSampleTests.swift in Sources */ = {isa = PBXBuildFile; fileRef = A702A34422C7ABEA004C89D6 /* CombineSampleTests.swift */; };
		A702A35022C7ABEA004C89D6 /* CombineSampleUITests.swift in Sources */ = {isa = PBXBuildFile; fileRef = A702A34F22C7ABEA004C89D6 /* CombineSampleUITests.swift */; };
/* End PBXBuildFile section */

/* Begin PBXContainerItemProxy section */
		A702A34122C7ABEA004C89D6 /* PBXContainerItemProxy */ = {
			isa = PBXContainerItemProxy;
			containerPortal = A702A32222C7ABE3004C89D6 /* Project object */;
			proxyType = 1;
			remoteGlobalIDString = A702A32922C7ABE3004C89D6;
			remoteInfo = CombineSample;
		};
		A702A34C22C7ABEA004C89D6 /* PBXContainerItemProxy */ = {
			isa = PBXContainerItemProxy;
			containerPortal = A702A32222C7ABE3004C89D6 /* Project object */;
			proxyType = 1;
			remoteGlobalIDString = A702A32922C7ABE3004C89D6;
			remoteInfo = CombineSample;
		};
/* End PBXContainerItemProxy section */

/* Begin PBXFileReference section */
		A702A32A22C7ABE3004C89D6 /* CombineSample.app */ = {isa = PBXFileReference; explicitFileType = wrapper.application; includeInIndex = 0; path = CombineSample.app; sourceTree = BUILT_PRODUCTS_DIR; };
		A702A32D22C7ABE3004C89D6 /* AppDelegate.swift */ = {isa = PBXFileReference; lastKnownFileType = sourcecode.swift; path = AppDelegate.swift; sourceTree = "<group>"; };
		A702A32F22C7ABE3004C89D6 /* SceneDelegate.swift */ = {isa = PBXFileReference; lastKnownFileType = sourcecode.swift; path = SceneDelegate.swift; sourceTree = "<group>"; };
		A702A33122C7ABE3004C89D6 /* ViewController.swift */ = {isa = PBXFileReference; lastKnownFileType = sourcecode.swift; path = ViewController.swift; sourceTree = "<group>"; };
		A702A33422C7ABE3004C89D6 /* Base */ = {isa = PBXFileReference; lastKnownFileType = file.storyboard; name = Base; path = Base.lproj/Main.storyboard; sourceTree = "<group>"; };
		A702A33622C7ABE9004C89D6 /* Assets.xcassets */ = {isa = PBXFileReference; lastKnownFileType = folder.assetcatalog; path = Assets.xcassets; sourceTree = "<group>"; };
		A702A33922C7ABE9004C89D6 /* Base */ = {isa = PBXFileReference; lastKnownFileType = file.storyboard; name = Base; path = Base.lproj/LaunchScreen.storyboard; sourceTree = "<group>"; };
		A702A33B22C7ABE9004C89D6 /* Info.plist */ = {isa = PBXFileReference; lastKnownFileType = text.plist.xml; path = Info.plist; sourceTree = "<group>"; };
		A702A34022C7ABEA004C89D6 /* CombineSampleTests.xctest */ = {isa = PBXFileReference; explicitFileType = wrapper.cfbundle; includeInIndex = 0; path = CombineSampleTests.xctest; sourceTree = BUILT_PRODUCTS_DIR; };
		A702A34422C7ABEA004C89D6 /* CombineSampleTests.swift */ = {isa = PBXFileReference; lastKnownFileType = sourcecode.swift; path = CombineSampleTests.swift; sourceTree = "<group>"; };
		A702A34622C7ABEA004C89D6 /* Info.plist */ = {isa = PBXFileReference; lastKnownFileType = text.plist.xml; path = Info.plist; sourceTree = "<group>"; };
		A702A34B22C7ABEA004C89D6 /* CombineSampleUITests.xctest */ = {isa = PBXFileReference; explicitFileType = wrapper.cfbundle; includeInIndex = 0; path = CombineSampleUITests.xctest; sourceTree = BUILT_PRODUCTS_DIR; };
		A702A34F22C7ABEA004C89D6 /* CombineSampleUITests.swift */ = {isa = PBXFileReference; lastKnownFileType = sourcecode.swift; path = CombineSampleUITests.swift; sourceTree = "<group>"; };
		A702A35122C7ABEA004C89D6 /* Info.plist */ = {isa = PBXFileReference; lastKnownFileType = text.plist.xml; path = Info.plist; sourceTree = "<group>"; };
/* End PBXFileReference section */

/* Begin PBXFrameworksBuildPhase section */
		A702A32722C7ABE3004C89D6 /* Frameworks */ = {
			isa = PBXFrameworksBuildPhase;
			buildActionMask = 2147483647;
			files = (
			);
			runOnlyForDeploymentPostprocessing = 0;
		};
		A702A33D22C7ABEA004C89D6 /* Frameworks */ = {
			isa = PBXFrameworksBuildPhase;
			buildActionMask = 2147483647;
			files = (
			);
			runOnlyForDeploymentPostprocessing = 0;
		};
		A702A34822C7ABEA004C89D6 /* Frameworks */ = {
			isa = PBXFrameworksBuildPhase;
			buildActionMask = 2147483647;
			files = (
			);
			runOnlyForDeploymentPostprocessing = 0;
		};
/* End PBXFrameworksBuildPhase section */

/* Begin PBXGroup section */
		A702A32122C7ABE3004C89D6 = {
			isa = PBXGroup;
			children = (
				A702A32C22C7ABE3004C89D6 /* CombineSample */,
				A702A34322C7ABEA004C89D6 /* CombineSampleTests */,
				A702A34E22C7ABEA004C89D6 /* CombineSampleUITests */,
				A702A32B22C7ABE3004C89D6 /* Products */,
			);
			sourceTree = "<group>";
		};
		A702A32B22C7ABE3004C89D6 /* Products */ = {
			isa = PBXGroup;
			children = (
				A702A32A22C7ABE3004C89D6 /* CombineSample.app */,
				A702A34022C7ABEA004C89D6 /* CombineSampleTests.xctest */,
				A702A34B22C7ABEA004C89D6 /* CombineSampleUITests.xctest */,
			);
			name = Products;
			sourceTree = "<group>";
		};
		A702A32C22C7ABE3004C89D6 /* CombineSample */ = {
			isa = PBXGroup;
			children = (
				A702A32D22C7ABE3004C89D6 /* AppDelegate.swift */,
				A702A32F22C7ABE3004C89D6 /* SceneDelegate.swift */,
				A702A33122C7ABE3004C89D6 /* ViewController.swift */,
				A702A33322C7ABE3004C89D6 /* Main.storyboard */,
				A702A33622C7ABE9004C89D6 /* Assets.xcassets */,
				A702A33822C7ABE9004C89D6 /* LaunchScreen.storyboard */,
				A702A33B22C7ABE9004C89D6 /* Info.plist */,
			);
			path = CombineSample;
			sourceTree = "<group>";
		};
		A702A34322C7ABEA004C89D6 /* CombineSampleTests */ = {
			isa = PBXGroup;
			children = (
				A702A34422C7ABEA004C89D6 /* CombineSampleTests.swift */,
				A702A34622C7ABEA004C89D6 /* Info.plist */,
			);
			path = CombineSampleTests;
			sourceTree = "<group>";
		};
		A702A34E22C7ABEA004C89D6 /* CombineSampleUITests */ = {
			isa = PBXGroup;
			children = (
				A702A34F22C7ABEA004C89D6 /* CombineSampleUITests.swift */,
				A702A35122C7ABEA004C89D6 /* Info.plist */,
			);
			path = CombineSampleUITests;
			sourceTree = "<group>";
		};
/* End PBXGroup section */

/* Begin PBXNativeTarget section */
		A702A32922C7ABE3004C89D6 /* CombineSample */ = {
			isa = PBXNativeTarget;
			buildConfigurationList = A702A35422C7ABEA004C89D6 /* Build configuration list for PBXNativeTarget "CombineSample" */;
			buildPhases = (
				A702A32622C7ABE3004C89D6 /* Sources */,
				A702A32722C7ABE3004C89D6 /* Frameworks */,
				A702A32822C7ABE3004C89D6 /* Resources */,
			);
			buildRules = (
			);
			dependencies = (
			);
			name = CombineSample;
			productName = CombineSample;
			productReference = A702A32A22C7ABE3004C89D6 /* CombineSample.app */;
			productType = "com.apple.product-type.application";
		};
		A702A33F22C7ABEA004C89D6 /* CombineSampleTests */ = {
			isa = PBXNativeTarget;
			buildConfigurationList = A702A35722C7ABEA004C89D6 /* Build configuration list for PBXNativeTarget "CombineSampleTests" */;
			buildPhases = (
				A702A33C22C7ABEA004C89D6 /* Sources */,
				A702A33D22C7ABEA004C89D6 /* Frameworks */,
				A702A33E22C7ABEA004C89D6 /* Resources */,
			);
			buildRules = (
			);
			dependencies = (
				A702A34222C7ABEA004C89D6 /* PBXTargetDependency */,
			);
			name = CombineSampleTests;
			productName = CombineSampleTests;
			productReference = A702A34022C7ABEA004C89D6 /* CombineSampleTests.xctest */;
			productType = "com.apple.product-type.bundle.unit-test";
		};
		A702A34A22C7ABEA004C89D6 /* CombineSampleUITests */ = {
			isa = PBXNativeTarget;
			buildConfigurationList = A702A35A22C7ABEA004C89D6 /* Build configuration list for PBXNativeTarget "CombineSampleUITests" */;
			buildPhases = (
				A702A34722C7ABEA004C89D6 /* Sources */,
				A702A34822C7ABEA004C89D6 /* Frameworks */,
				A702A34922C7ABEA004C89D6 /* Resources */,
			);
			buildRules = (
			);
			dependencies = (
				A702A34D22C7ABEA004C89D6 /* PBXTargetDependency */,
			);
			name = CombineSampleUITests;
			productName = CombineSampleUITests;
			productReference = A702A34B22C7ABEA004C89D6 /* CombineSampleUITests.xctest */;
			productType = "com.apple.product-type.bundle.ui-testing";
		};
/* End PBXNativeTarget section */

/* Begin PBXProject section */
		A702A32222C7ABE3004C89D6 /* Project object */ = {
			isa = PBXProject;
			attributes = {
				LastSwiftUpdateCheck = 1100;
				LastUpgradeCheck = 1100;
				ORGANIZATIONNAME = "Leonardo de Matos";
				TargetAttributes = {
					A702A32922C7ABE3004C89D6 = {
						CreatedOnToolsVersion = 11.0;
					};
					A702A33F22C7ABEA004C89D6 = {
						CreatedOnToolsVersion = 11.0;
						TestTargetID = A702A32922C7ABE3004C89D6;
					};
					A702A34A22C7ABEA004C89D6 = {
						CreatedOnToolsVersion = 11.0;
						TestTargetID = A702A32922C7ABE3004C89D6;
					};
				};
			};
			buildConfigurationList = A702A32522C7ABE3004C89D6 /* Build configuration list for PBXProject "CombineSample" */;
			compatibilityVersion = "Xcode 9.3";
			developmentRegion = en;
			hasScannedForEncodings = 0;
			knownRegions = (
				en,
				Base,
			);
			mainGroup = A702A32122C7ABE3004C89D6;
			productRefGroup = A702A32B22C7ABE3004C89D6 /* Products */;
			projectDirPath = "";
			projectRoot = "";
			targets = (
				A702A32922C7ABE3004C89D6 /* CombineSample */,
				A702A33F22C7ABEA004C89D6 /* CombineSampleTests */,
				A702A34A22C7ABEA004C89D6 /* CombineSampleUITests */,
			);
		};
/* End PBXProject section */

/* Begin PBXResourcesBuildPhase section */
		A702A32822C7ABE3004C89D6 /* Resources */ = {
			isa = PBXResourcesBuildPhase;
			buildActionMask = 2147483647;
			files = (
				A702A33A22C7ABE9004C89D6 /* LaunchScreen.storyboard in Resources */,
				A702A33722C7ABE9004C89D6 /* Assets.xcassets in Resources */,
				A702A33522C7ABE3004C89D6 /* Main.storyboard in Resources */,
			);
			runOnlyForDeploymentPostprocessing = 0;
		};
		A702A33E22C7ABEA004C89D6 /* Resources */ = {
			isa = PBXResourcesBuildPhase;
			buildActionMask = 2147483647;
			files = (
			);
			runOnlyForDeploymentPostprocessing = 0;
		};
		A702A34922C7ABEA004C89D6 /* Resources */ = {
			isa = PBXResourcesBuildPhase;
			buildActionMask = 2147483647;
			files = (
			);
			runOnlyForDeploymentPostprocessing = 0;
		};
/* End PBXResourcesBuildPhase section */

/* Begin PBXSourcesBuildPhase section */
		A702A32622C7ABE3004C89D6 /* Sources */ = {
			isa = PBXSourcesBuildPhase;
			buildActionMask = 2147483647;
			files = (
				A702A33222C7ABE3004C89D6 /* ViewController.swift in Sources */,
				A702A32E22C7ABE3004C89D6 /* AppDelegate.swift in Sources */,
				A702A33022C7ABE3004C89D6 /* SceneDelegate.swift in Sources */,
			);
			runOnlyForDeploymentPostprocessing = 0;
		};
		A702A33C22C7ABEA004C89D6 /* Sources */ = {
			isa = PBXSourcesBuildPhase;
			buildActionMask = 2147483647;
			files = (
				A702A34522C7ABEA004C89D6 /* CombineSampleTests.swift in Sources */,
			);
			runOnlyForDeploymentPostprocessing = 0;
		};
		A702A34722C7ABEA004C89D6 /* Sources */ = {
			isa = PBXSourcesBuildPhase;
			buildActionMask = 2147483647;
			files = (
				A702A35022C7ABEA004C89D6 /* CombineSampleUITests.swift in Sources */,
			);
			runOnlyForDeploymentPostprocessing = 0;
		};
/* End PBXSourcesBuildPhase section */

/* Begin PBXTargetDependency section */
		A702A34222C7ABEA004C89D6 /* PBXTargetDependency */ = {
			isa = PBXTargetDependency;
			target = A702A32922C7ABE3004C89D6 /* CombineSample */;
			targetProxy = A702A34122C7ABEA004C89D6 /* PBXContainerItemProxy */;
		};
		A702A34D22C7ABEA004C89D6 /* PBXTargetDependency */ = {
			isa = PBXTargetDependency;
			target = A702A32922C7ABE3004C89D6 /* CombineSample */;
			targetProxy = A702A34C22C7ABEA004C89D6 /* PBXContainerItemProxy */;
		};
/* End PBXTargetDependency section */

/* Begin PBXVariantGroup section */
		A702A33322C7ABE3004C89D6 /* Main.storyboard */ = {
			isa = PBXVariantGroup;
			children = (
				A702A33422C7ABE3004C89D6 /* Base */,
			);
			name = Main.storyboard;
			sourceTree = "<group>";
		};
		A702A33822C7ABE9004C89D6 /* LaunchScreen.storyboard */ = {
			isa = PBXVariantGroup;
			children = (
				A702A33922C7ABE9004C89D6 /* Base */,
			);
			name = LaunchScreen.storyboard;
			sourceTree = "<group>";
		};
/* End PBXVariantGroup section */

/* Begin XCBuildConfiguration section */
		A702A35222C7ABEA004C89D6 /* Debug */ = {
			isa = XCBuildConfiguration;
			buildSettings = {
				ALWAYS_SEARCH_USER_PATHS = NO;
				CLANG_ANALYZER_NONNULL = YES;
				CLANG_ANALYZER_NUMBER_OBJECT_CONVERSION = YES_AGGRESSIVE;
				CLANG_CXX_LANGUAGE_STANDARD = "gnu++14";
				CLANG_CXX_LIBRARY = "libc++";
				CLANG_ENABLE_MODULES = YES;
				CLANG_ENABLE_OBJC_ARC = YES;
				CLANG_ENABLE_OBJC_WEAK = YES;
				CLANG_WARN_BLOCK_CAPTURE_AUTORELEASING = YES;
				CLANG_WARN_BOOL_CONVERSION = YES;
				CLANG_WARN_COMMA = YES;
				CLANG_WARN_CONSTANT_CONVERSION = YES;
				CLANG_WARN_DEPRECATED_OBJC_IMPLEMENTATIONS = YES;
				CLANG_WARN_DIRECT_OBJC_ISA_USAGE = YES_ERROR;
				CLANG_WARN_DOCUMENTATION_COMMENTS = YES;
				CLANG_WARN_EMPTY_BODY = YES;
				CLANG_WARN_ENUM_CONVERSION = YES;
				CLANG_WARN_INFINITE_RECURSION = YES;
				CLANG_WARN_INT_CONVERSION = YES;
				CLANG_WARN_NON_LITERAL_NULL_CONVERSION = YES;
				CLANG_WARN_OBJC_IMPLICIT_RETAIN_SELF = YES;
				CLANG_WARN_OBJC_LITERAL_CONVERSION = YES;
				CLANG_WARN_OBJC_ROOT_CLASS = YES_ERROR;
				CLANG_WARN_RANGE_LOOP_ANALYSIS = YES;
				CLANG_WARN_STRICT_PROTOTYPES = YES;
				CLANG_WARN_SUSPICIOUS_MOVE = YES;
				CLANG_WARN_UNGUARDED_AVAILABILITY = YES_AGGRESSIVE;
				CLANG_WARN_UNREACHABLE_CODE = YES;
				CLANG_WARN__DUPLICATE_METHOD_MATCH = YES;
				COPY_PHASE_STRIP = NO;
				DEBUG_INFORMATION_FORMAT = dwarf;
				ENABLE_STRICT_OBJC_MSGSEND = YES;
				ENABLE_TESTABILITY = YES;
				GCC_C_LANGUAGE_STANDARD = gnu11;
				GCC_DYNAMIC_NO_PIC = NO;
				GCC_NO_COMMON_BLOCKS = YES;
				GCC_OPTIMIZATION_LEVEL = 0;
				GCC_PREPROCESSOR_DEFINITIONS = (
					"DEBUG=1",
					"$(inherited)",
				);
				GCC_WARN_64_TO_32_BIT_CONVERSION = YES;
				GCC_WARN_ABOUT_RETURN_TYPE = YES_ERROR;
				GCC_WARN_UNDECLARED_SELECTOR = YES;
				GCC_WARN_UNINITIALIZED_AUTOS = YES_AGGRESSIVE;
				GCC_WARN_UNUSED_FUNCTION = YES;
				GCC_WARN_UNUSED_VARIABLE = YES;
				IPHONEOS_DEPLOYMENT_TARGET = 13.0;
				MTL_ENABLE_DEBUG_INFO = INCLUDE_SOURCE;
				MTL_FAST_MATH = YES;
				ONLY_ACTIVE_ARCH = YES;
				SDKROOT = iphoneos;
				SWIFT_ACTIVE_COMPILATION_CONDITIONS = DEBUG;
				SWIFT_OPTIMIZATION_LEVEL = "-Onone";
			};
			name = Debug;
		};
		A702A35322C7ABEA004C89D6 /* Release */ = {
			isa = XCBuildConfiguration;
			buildSettings = {
				ALWAYS_SEARCH_USER_PATHS = NO;
				CLANG_ANALYZER_NONNULL = YES;
				CLANG_ANALYZER_NUMBER_OBJECT_CONVERSION = YES_AGGRESSIVE;
				CLANG_CXX_LANGUAGE_STANDARD = "gnu++14";
				CLANG_CXX_LIBRARY = "libc++";
				CLANG_ENABLE_MODULES = YES;
				CLANG_ENABLE_OBJC_ARC = YES;
				CLANG_ENABLE_OBJC_WEAK = YES;
				CLANG_WARN_BLOCK_CAPTURE_AUTORELEASING = YES;
				CLANG_WARN_BOOL_CONVERSION = YES;
				CLANG_WARN_COMMA = YES;
				CLANG_WARN_CONSTANT_CONVERSION = YES;
				CLANG_WARN_DEPRECATED_OBJC_IMPLEMENTATIONS = YES;
				CLANG_WARN_DIRECT_OBJC_ISA_USAGE = YES_ERROR;
				CLANG_WARN_DOCUMENTATION_COMMENTS = YES;
				CLANG_WARN_EMPTY_BODY = YES;
				CLANG_WARN_ENUM_CONVERSION = YES;
				CLANG_WARN_INFINITE_RECURSION = YES;
				CLANG_WARN_INT_CONVERSION = YES;
				CLANG_WARN_NON_LITERAL_NULL_CONVERSION = YES;
				CLANG_WARN_OBJC_IMPLICIT_RETAIN_SELF = YES;
				CLANG_WARN_OBJC_LITERAL_CONVERSION = YES;
				CLANG_WARN_OBJC_ROOT_CLASS = YES_ERROR;
				CLANG_WARN_RANGE_LOOP_ANALYSIS = YES;
				CLANG_WARN_STRICT_PROTOTYPES = YES;
				CLANG_WARN_SUSPICIOUS_MOVE = YES;
				CLANG_WARN_UNGUARDED_AVAILABILITY = YES_AGGRESSIVE;
				CLANG_WARN_UNREACHABLE_CODE = YES;
				CLANG_WARN__DUPLICATE_METHOD_MATCH = YES;
				COPY_PHASE_STRIP = NO;
				DEBUG_INFORMATION_FORMAT = "dwarf-with-dsym";
				ENABLE_NS_ASSERTIONS = NO;
				ENABLE_STRICT_OBJC_MSGSEND = YES;
				GCC_C_LANGUAGE_STANDARD = gnu11;
				GCC_NO_COMMON_BLOCKS = YES;
				GCC_WARN_64_TO_32_BIT_CONVERSION = YES;
				GCC_WARN_ABOUT_RETURN_TYPE = YES_ERROR;
				GCC_WARN_UNDECLARED_SELECTOR = YES;
				GCC_WARN_UNINITIALIZED_AUTOS = YES_AGGRESSIVE;
				GCC_WARN_UNUSED_FUNCTION = YES;
				GCC_WARN_UNUSED_VARIABLE = YES;
				IPHONEOS_DEPLOYMENT_TARGET = 13.0;
				MTL_ENABLE_DEBUG_INFO = NO;
				MTL_FAST_MATH = YES;
				SDKROOT = iphoneos;
				SWIFT_COMPILATION_MODE = wholemodule;
				SWIFT_OPTIMIZATION_LEVEL = "-O";
				VALIDATE_PRODUCT = YES;
			};
			name = Release;
		};
		A702A35522C7ABEA004C89D6 /* Debug */ = {
			isa = XCBuildConfiguration;
			buildSettings = {
				ASSETCATALOG_COMPILER_APPICON_NAME = AppIcon;
				CODE_SIGN_STYLE = Automatic;
				DEVELOPMENT_TEAM = 67U26DS86X;
				INFOPLIST_FILE = CombineSample/Info.plist;
				LD_RUNPATH_SEARCH_PATHS = (
					"$(inherited)",
					"@executable_path/Frameworks",
				);
				PRODUCT_BUNDLE_IDENTIFIER = br.com.leonardo.matos.CombineSample;
				PRODUCT_NAME = "$(TARGET_NAME)";
				SWIFT_VERSION = 5.0;
				TARGETED_DEVICE_FAMILY = "1,2";
			};
			name = Debug;
		};
		A702A35622C7ABEA004C89D6 /* Release */ = {
			isa = XCBuildConfiguration;
			buildSettings = {
				ASSETCATALOG_COMPILER_APPICON_NAME = AppIcon;
				CODE_SIGN_STYLE = Automatic;
				DEVELOPMENT_TEAM = 67U26DS86X;
				INFOPLIST_FILE = CombineSample/Info.plist;
				LD_RUNPATH_SEARCH_PATHS = (
					"$(inherited)",
					"@executable_path/Frameworks",
				);
				PRODUCT_BUNDLE_IDENTIFIER = br.com.leonardo.matos.CombineSample;
				PRODUCT_NAME = "$(TARGET_NAME)";
				SWIFT_VERSION = 5.0;
				TARGETED_DEVICE_FAMILY = "1,2";
			};
			name = Release;
		};
		A702A35822C7ABEA004C89D6 /* Debug */ = {
			isa = XCBuildConfiguration;
			buildSettings = {
				ALWAYS_EMBED_SWIFT_STANDARD_LIBRARIES = YES;
				BUNDLE_LOADER = "$(TEST_HOST)";
				CODE_SIGN_STYLE = Automatic;
				DEVELOPMENT_TEAM = 67U26DS86X;
				INFOPLIST_FILE = CombineSampleTests/Info.plist;
				LD_RUNPATH_SEARCH_PATHS = (
					"$(inherited)",
					"@executable_path/Frameworks",
					"@loader_path/Frameworks",
				);
				PRODUCT_BUNDLE_IDENTIFIER = br.com.leonardo.matos.CombineSampleTests;
				PRODUCT_NAME = "$(TARGET_NAME)";
				SWIFT_VERSION = 5.0;
				TARGETED_DEVICE_FAMILY = "1,2";
				TEST_HOST = "$(BUILT_PRODUCTS_DIR)/CombineSample.app/CombineSample";
			};
			name = Debug;
		};
		A702A35922C7ABEA004C89D6 /* Release */ = {
			isa = XCBuildConfiguration;
			buildSettings = {
				ALWAYS_EMBED_SWIFT_STANDARD_LIBRARIES = YES;
				BUNDLE_LOADER = "$(TEST_HOST)";
				CODE_SIGN_STYLE = Automatic;
				DEVELOPMENT_TEAM = 67U26DS86X;
				INFOPLIST_FILE = CombineSampleTests/Info.plist;
				LD_RUNPATH_SEARCH_PATHS = (
					"$(inherited)",
					"@executable_path/Frameworks",
					"@loader_path/Frameworks",
				);
				PRODUCT_BUNDLE_IDENTIFIER = br.com.leonardo.matos.CombineSampleTests;
				PRODUCT_NAME = "$(TARGET_NAME)";
				SWIFT_VERSION = 5.0;
				TARGETED_DEVICE_FAMILY = "1,2";
				TEST_HOST = "$(BUILT_PRODUCTS_DIR)/CombineSample.app/CombineSample";
			};
			name = Release;
		};
		A702A35B22C7ABEA004C89D6 /* Debug */ = {
			isa = XCBuildConfiguration;
			buildSettings = {
				ALWAYS_EMBED_SWIFT_STANDARD_LIBRARIES = YES;
				CODE_SIGN_STYLE = Automatic;
				DEVELOPMENT_TEAM = 67U26DS86X;
				INFOPLIST_FILE = CombineSampleUITests/Info.plist;
				LD_RUNPATH_SEARCH_PATHS = (
					"$(inherited)",
					"@executable_path/Frameworks",
					"@loader_path/Frameworks",
				);
				PRODUCT_BUNDLE_IDENTIFIER = br.com.leonardo.matos.CombineSampleUITests;
				PRODUCT_NAME = "$(TARGET_NAME)";
				SWIFT_VERSION = 5.0;
				TARGETED_DEVICE_FAMILY = "1,2";
				TEST_TARGET_NAME = CombineSample;
			};
			name = Debug;
		};
		A702A35C22C7ABEA004C89D6 /* Release */ = {
			isa = XCBuildConfiguration;
			buildSettings = {
				ALWAYS_EMBED_SWIFT_STANDARD_LIBRARIES = YES;
				CODE_SIGN_STYLE = Automatic;
				DEVELOPMENT_TEAM = 67U26DS86X;
				INFOPLIST_FILE = CombineSampleUITests/Info.plist;
				LD_RUNPATH_SEARCH_PATHS = (
					"$(inherited)",
					"@executable_path/Frameworks",
					"@loader_path/Frameworks",
				);
				PRODUCT_BUNDLE_IDENTIFIER = br.com.leonardo.matos.CombineSampleUITests;
				PRODUCT_NAME = "$(TARGET_NAME)";
				SWIFT_VERSION = 5.0;
				TARGETED_DEVICE_FAMILY = "1,2";
				TEST_TARGET_NAME = CombineSample;
			};
			name = Release;
		};
/* End XCBuildConfiguration section */

/* Begin XCConfigurationList section */
		A702A32522C7ABE3004C89D6 /* Build configuration list for PBXProject "CombineSample" */ = {
			isa = XCConfigurationList;
			buildConfigurations = (
				A702A35222C7ABEA004C89D6 /* Debug */,
				A702A35322C7ABEA004C89D6 /* Release */,
			);
			defaultConfigurationIsVisible = 0;
			defaultConfigurationName = Release;
		};
		A702A35422C7ABEA004C89D6 /* Build configuration list for PBXNativeTarget "CombineSample" */ = {
			isa = XCConfigurationList;
			buildConfigurations = (
				A702A35522C7ABEA004C89D6 /* Debug */,
				A702A35622C7ABEA004C89D6 /* Release */,
			);
			defaultConfigurationIsVisible = 0;
			defaultConfigurationName = Release;
		};
		A702A35722C7ABEA004C89D6 /* Build configuration list for PBXNativeTarget "CombineSampleTests" */ = {
			isa = XCConfigurationList;
			buildConfigurations = (
				A702A35822C7ABEA004C89D6 /* Debug */,
				A702A35922C7ABEA004C89D6 /* Release */,
			);
			defaultConfigurationIsVisible = 0;
			defaultConfigurationName = Release;
		};
		A702A35A22C7ABEA004C89D6 /* Build configuration list for PBXNativeTarget "CombineSampleUITests" */ = {
			isa = XCConfigurationList;
			buildConfigurations = (
				A702A35B22C7ABEA004C89D6 /* Debug */,
				A702A35C22C7ABEA004C89D6 /* Release */,
			);
			defaultConfigurationIsVisible = 0;
			defaultConfigurationName = Release;
		};
/* End XCConfigurationList section */
	};
	rootObject = A702A32222C7ABE3004C89D6 /* Project object */;
}
